
Microsoft Visual Studio Solution File, Format Version 12.00
# Visual Studio Version 16
VisualStudioVersion = 16.0.30517.126
MinimumVisualStudioVersion = 10.0.40219.1
Project("{FAE04EC0-301F-11D3-BF4B-00C04F79EFBC}") = "DirectoriesAndFiles", "DirectoriesAndFiles\DirectoriesAndFiles.csproj", "{D787A3BA-50A4-414F-AB34-AE0C3F84FB95}"
EndProject
Project("{FAE04EC0-301F-11D3-BF4B-00C04F79EFBC}") = "WriteFilesAndDirectories", "WriteFilesAndDirectories\WriteFilesAndDirectories.csproj", "{9B6F78E0-7B0F-4527-91C5-34C10D5E0AEB}"
EndProject
Global
	GlobalSection(SolutionConfigurationPlatforms) = preSolution
		Debug|Any CPU = Debug|Any CPU
		Release|Any CPU = Release|Any CPU
	EndGlobalSection
	GlobalSection(ProjectConfigurationPlatforms) = postSolution
		{D787A3BA-50A4-414F-AB34-AE0C3F84FB95}.Debug|Any CPU.ActiveCfg = Debug|Any CPU
		{D787A3BA-50A4-414F-AB34-AE0C3F84FB95}.Debug|Any CPU.Build.0 = Debug|Any CPU
		{D787A3BA-50A4-414F-AB34-AE0C3F84FB95}.Release|Any CPU.ActiveCfg = Release|Any CPU
		{D787A3BA-50A4-414F-AB34-AE0C3F84FB95}.Release|Any CPU.Build.0 = Release|Any CPU
		{9B6F78E0-7B0F-4527-91C5-34C10D5E0AEB}.Debug|Any CPU.ActiveCfg = Debug|Any CPU
		{9B6F78E0-7B0F-4527-91C5-34C10D5E0AEB}.Debug|Any CPU.Build.0 = Debug|Any CPU
		{9B6F78E0-7B0F-4527-91C5-34C10D5E0AEB}.Release|Any CPU.ActiveCfg = Release|Any CPU
		{9B6F78E0-7B0F-4527-91C5-34C10D5E0AEB}.Release|Any CPU.Build.0 = Release|Any CPU
	EndGlobalSection
	GlobalSection(SolutionProperties) = preSolution
		HideSolutionNode = FALSE
	EndGlobalSection
	GlobalSection(ExtensibilityGlobals) = postSolution
		SolutionGuid = {6158EB07-8C18-4E62-990B-C2C3C6C2FC48}
	EndGlobalSection
EndGlobal
